
Microsoft Visual Studio Solution File, Format Version 12.00
# Visual Studio Version 16
Project("{8BC9CEB8-8B4A-11D0-8D11-00A0C91BC942}") = "HexTextVisualizer", "HexTextVisualizer\HexTextVisualizer.vcxproj", "{3DC7479D-A9DD-4533-F254-D1545EAA16BB}"
EndProject
Project("{8BC9CEB8-8B4A-11D0-8D11-00A0C91BC942}") = "Tests", "Tests\Tests.vcxproj", "{5865280E-C479-50BF-8DFB-F31EF9CE4CF0}"
EndProject
Global
	GlobalSection(SolutionConfigurationPlatforms) = preSolution
		Debug|Win32 = Debug|Win32
		Release|Win32 = Release|Win32
	EndGlobalSection
	GlobalSection(ProjectConfigurationPlatforms) = postSolution
		{3DC7479D-A9DD-4533-F254-D1545EAA16BB}.Debug|Win32.ActiveCfg = Debug|Win32
		{3DC7479D-A9DD-4533-F254-D1545EAA16BB}.Debug|Win32.Build.0 = Debug|Win32
		{3DC7479D-A9DD-4533-F254-D1545EAA16BB}.Release|Win32.ActiveCfg = Release|Win32
		{3DC7479D-A9DD-4533-F254-D1545EAA16BB}.Release|Win32.Build.0 = Release|Win32
		{5865280E-C479-50BF-8DFB-F31EF9CE4CF0}.Debug|Win32.ActiveCfg = Debug|Win32
		{5865280E-C479-50BF-8DFB-F31EF9CE4CF0}.Debug|Win32.Build.0 = Debug|Win32
		{5865280E-C479-50BF-8DFB-F31EF9CE4CF0}.Release|Win32.ActiveCfg = Release|Win32
		{5865280E-C479-50BF-8DFB-F31EF9CE4CF0}.Release|Win32.Build.0 = Release|Win32
	EndGlobalSection
	GlobalSection(SolutionProperties) = preSolution
		HideSolutionNode = FALSE
	EndGlobalSection
EndGlobal
